{
  "name": "famlydownloader",
  "version": "1.0.0",
  "lockfileVersion": 2,
  "requires": true,
  "packages": {
    "": {
      "name": "famlydownloader",
      "version": "1.0.0",
      "license": "ISC",
      "dependencies": {
        "commander": "^9.4.1",
        "exiftool-vendored": "^21.2.0",
        "uuid": "^9.0.0"
      }
    },
    "node_modules/@photostructure/tz-lookup": {
      "version": "7.0.0",
      "resolved": "https://registry.npmjs.org/@photostructure/tz-lookup/-/tz-lookup-7.0.0.tgz",
      "integrity": "sha512-pTRsZz7Sn4yAtItC7I4+0segDHosMyOtJgAXg+xvDOolT0Xz4IFWqBV33OMCWoaNd3oQb60wbWhLeCQgJCyZAA=="
    },
    "node_modules/@types/luxon": {
      "version": "3.2.0",
      "resolved": "https://registry.npmjs.org/@types/luxon/-/luxon-3.2.0.tgz",
      "integrity": "sha512-lGmaGFoaXHuOLXFvuju2bfvZRqxAqkHPx9Y9IQdQABrinJJshJwfNCKV+u7rR3kJbiqfTF/NhOkcxxAFrObyaA=="
    },
    "node_modules/batch-cluster": {
      "version": "12.0.0",
      "resolved": "https://registry.npmjs.org/batch-cluster/-/batch-cluster-12.0.0.tgz",
      "integrity": "sha512-IYLp2rqdgB6f8rWklBnZpYxJVEN475SuBlykhwiDoHM9zOOXTqhKaJF2733dXUZcedApmn1oWfn1EUqQQf6hyg==",
      "engines": {
        "node": ">=14"
      }
    },
    "node_modules/commander": {
      "version": "9.4.1",
      "resolved": "https://registry.npmjs.org/commander/-/commander-9.4.1.tgz",
      "integrity": "sha512-5EEkTNyHNGFPD2H+c/dXXfQZYa/scCKasxWcXJaWnNJ99pnQN9Vnmqow+p+PlFPE63Q6mThaZws1T+HxfpgtPw==",
      "engines": {
        "node": "^12.20.0 || >=14"
      }
    },
    "node_modules/exiftool-vendored": {
      "version": "21.2.0",
      "resolved": "https://registry.npmjs.org/exiftool-vendored/-/exiftool-vendored-21.2.0.tgz",
      "integrity": "sha512-zmojRmQPuTrRKJAxOqdXALQApaxJTKY3Gf1A9dxWgTKtdmgZDSmWbntoXFAl9CvPdAXPHq+VCUXL1g9Ue+iw+w==",
      "dependencies": {
        "@photostructure/tz-lookup": "^7.0.0",
        "@types/luxon": "^3.2.0",
        "batch-cluster": "^12.0.0",
        "he": "^1.2.0",
        "luxon": "^3.2.1"
      },
      "optionalDependencies": {
        "exiftool-vendored.exe": "12.56.0",
        "exiftool-vendored.pl": "12.56.0"
      }
    },
    "node_modules/exiftool-vendored.exe": {
      "version": "12.56.0",
      "resolved": "https://registry.npmjs.org/exiftool-vendored.exe/-/exiftool-vendored.exe-12.56.0.tgz",
      "integrity": "sha512-Taf11Nct1ArOas7u/gm4QsVyfCcvjp3R1mWyzK1HPEtrGFOkNMyK7j0oPA0yYqZdLLNoqosXTMz/5x2WS2zL6Q==",
      "optional": true,
      "os": [
        "win32"
      ]
    },
    "node_modules/exiftool-vendored.pl": {
      "version": "12.56.0",
      "resolved": "https://registry.npmjs.org/exiftool-vendored.pl/-/exiftool-vendored.pl-12.56.0.tgz",
      "integrity": "sha512-WLY8L//z6PGBXP/sZl/9SA8hJ1OoTBWw8eO2kDZPXInEt4fJKl2dTZD7M+PcehNIUhy0Ud/HZF5DK1MZc5au2w==",
      "optional": true,
      "os": [
        "!win32"
      ]
    },
    "node_modules/he": {
      "version": "1.2.0",
      "resolved": "https://registry.npmjs.org/he/-/he-1.2.0.tgz",
      "integrity": "sha512-F/1DnUGPopORZi0ni+CvrCgHQ5FyEAHRLSApuYWMmrbSwoN2Mn/7k+Gl38gJnR7yyDZk6WLXwiGod1JOWNDKGw==",
      "bin": {
        "he": "bin/he"
      }
    },
    "node_modules/luxon": {
      "version": "3.2.1",
      "resolved": "https://registry.npmjs.org/luxon/-/luxon-3.2.1.tgz",
      "integrity": "sha512-QrwPArQCNLAKGO/C+ZIilgIuDnEnKx5QYODdDtbFaxzsbZcc/a7WFq7MhsVYgRlwawLtvOUESTlfJ+hc/USqPg==",
      "engines": {
        "node": ">=12"
      }
    },
    "node_modules/uuid": {
      "version": "9.0.0",
      "resolved": "https://registry.npmjs.org/uuid/-/uuid-9.0.0.tgz",
      "integrity": "sha512-MXcSTerfPa4uqyzStbRoTgt5XIe3x5+42+q1sDuy3R5MDk66URdLMOZe5aPX/SQd+kuYAh0FdP/pO28IkQyTeg==",
      "bin": {
        "uuid": "dist/bin/uuid"
      }
    }
  },
  "dependencies": {
    "@photostructure/tz-lookup": {
      "version": "7.0.0",
      "resolved": "https://registry.npmjs.org/@photostructure/tz-lookup/-/tz-lookup-7.0.0.tgz",
      "integrity": "sha512-pTRsZz7Sn4yAtItC7I4+0segDHosMyOtJgAXg+xvDOolT0Xz4IFWqBV33OMCWoaNd3oQb60wbWhLeCQgJCyZAA=="
    },
    "@types/luxon": {
      "version": "3.2.0",
      "resolved": "https://registry.npmjs.org/@types/luxon/-/luxon-3.2.0.tgz",
      "integrity": "sha512-lGmaGFoaXHuOLXFvuju2bfvZRqxAqkHPx9Y9IQdQABrinJJshJwfNCKV+u7rR3kJbiqfTF/NhOkcxxAFrObyaA=="
    },
    "batch-cluster": {
      "version": "12.0.0",
      "resolved": "https://registry.npmjs.org/batch-cluster/-/batch-cluster-12.0.0.tgz",
      "integrity": "sha512-IYLp2rqdgB6f8rWklBnZpYxJVEN475SuBlykhwiDoHM9zOOXTqhKaJF2733dXUZcedApmn1oWfn1EUqQQf6hyg=="
    },
    "commander": {
      "version": "9.4.1",
      "resolved": "https://registry.npmjs.org/commander/-/commander-9.4.1.tgz",
      "integrity": "sha512-5EEkTNyHNGFPD2H+c/dXXfQZYa/scCKasxWcXJaWnNJ99pnQN9Vnmqow+p+PlFPE63Q6mThaZws1T+HxfpgtPw=="
    },
    "exiftool-vendored": {
      "version": "21.2.0",
      "resolved": "https://registry.npmjs.org/exiftool-vendored/-/exiftool-vendored-21.2.0.tgz",
      "integrity": "sha512-zmojRmQPuTrRKJAxOqdXALQApaxJTKY3Gf1A9dxWgTKtdmgZDSmWbntoXFAl9CvPdAXPHq+VCUXL1g9Ue+iw+w==",
      "requires": {
        "@photostructure/tz-lookup": "^7.0.0",
        "@types/luxon": "^3.2.0",
        "batch-cluster": "^12.0.0",
        "exiftool-vendored.exe": "12.56.0",
        "exiftool-vendored.pl": "12.56.0",
        "he": "^1.2.0",
        "luxon": "^3.2.1"
      }
    },
    "exiftool-vendored.exe": {
      "version": "12.56.0",
      "resolved": "https://registry.npmjs.org/exiftool-vendored.exe/-/exiftool-vendored.exe-12.56.0.tgz",
      "integrity": "sha512-Taf11Nct1ArOas7u/gm4QsVyfCcvjp3R1mWyzK1HPEtrGFOkNMyK7j0oPA0yYqZdLLNoqosXTMz/5x2WS2zL6Q==",
      "optional": true
    },
    "exiftool-vendored.pl": {
      "version": "12.56.0",
      "resolved": "https://registry.npmjs.org/exiftool-vendored.pl/-/exiftool-vendored.pl-12.56.0.tgz",
      "integrity": "sha512-WLY8L//z6PGBXP/sZl/9SA8hJ1OoTBWw8eO2kDZPXInEt4fJKl2dTZD7M+PcehNIUhy0Ud/HZF5DK1MZc5au2w==",
      "optional": true
    },
    "he": {
      "version": "1.2.0",
      "resolved": "https://registry.npmjs.org/he/-/he-1.2.0.tgz",
      "integrity": "sha512-F/1DnUGPopORZi0ni+CvrCgHQ5FyEAHRLSApuYWMmrbSwoN2Mn/7k+Gl38gJnR7yyDZk6WLXwiGod1JOWNDKGw=="
    },
    "luxon": {
      "version": "3.2.1",
      "resolved": "https://registry.npmjs.org/luxon/-/luxon-3.2.1.tgz",
      "integrity": "sha512-QrwPArQCNLAKGO/C+ZIilgIuDnEnKx5QYODdDtbFaxzsbZcc/a7WFq7MhsVYgRlwawLtvOUESTlfJ+hc/USqPg=="
    },
    "uuid": {
      "version": "9.0.0",
      "resolved": "https://registry.npmjs.org/uuid/-/uuid-9.0.0.tgz",
      "integrity": "sha512-MXcSTerfPa4uqyzStbRoTgt5XIe3x5+42+q1sDuy3R5MDk66URdLMOZe5aPX/SQd+kuYAh0FdP/pO28IkQyTeg=="
    }
  }
}
